
Microsoft Visual Studio Solution File, Format Version 12.00
# Visual Studio 15
VisualStudioVersion = 15.0.28307.136
MinimumVisualStudioVersion = 10.0.40219.1
Project("{FAE04EC0-301F-11D3-BF4B-00C04F79EFBC}") = "SmartKitchenApi", "SmartKitchenApi\SmartKitchenApi.csproj", "{48630943-FEB6-4BE0-A865-B461692BCFA1}"
EndProject
Global
	GlobalSection(SolutionConfigurationPlatforms) = preSolution
		Debug|Any CPU = Debug|Any CPU
		Release|Any CPU = Release|Any CPU
	EndGlobalSection
	GlobalSection(ProjectConfigurationPlatforms) = postSolution
		{48630943-FEB6-4BE0-A865-B461692BCFA1}.Debug|Any CPU.ActiveCfg = Debug|Any CPU
		{48630943-FEB6-4BE0-A865-B461692BCFA1}.Debug|Any CPU.Build.0 = Debug|Any CPU
		{48630943-FEB6-4BE0-A865-B461692BCFA1}.Release|Any CPU.ActiveCfg = Release|Any CPU
		{48630943-FEB6-4BE0-A865-B461692BCFA1}.Release|Any CPU.Build.0 = Release|Any CPU
	EndGlobalSection
	GlobalSection(SolutionProperties) = preSolution
		HideSolutionNode = FALSE
	EndGlobalSection
	GlobalSection(ExtensibilityGlobals) = postSolution
		SolutionGuid = {FA11C3D0-3B57-46AB-825E-64B64E12C6EB}
	EndGlobalSection
EndGlobal
